
Microsoft Visual Studio Solution File, Format Version 12.00
# Visual Studio 14
VisualStudioVersion = 14.0.25420.1
MinimumVisualStudioVersion = 10.0.40219.1
Project("{8BC9CEB8-8B4A-11D0-8D11-00A0C91BC942}") = "Win32Project2", "Win32Project2\Win32Project2.vcxproj", "{80369F87-CB80-417A-87E7-861825E6C07B}"
EndProject
Project("{8BC9CEB8-8B4A-11D0-8D11-00A0C91BC942}") = "LibExp1", "LibExp1\LibExp1.vcxproj", "{69528F0C-B7F7-4207-9009-EB41F82E6D55}"
EndProject
Project("{8BC9CEB8-8B4A-11D0-8D11-00A0C91BC942}") = "W32D", "W32D\W32D.vcxproj", "{AD9F872F-4B05-44FC-B2B0-71C4DB8FA0B0}"
EndProject
Global
	GlobalSection(SolutionConfigurationPlatforms) = preSolution
		Debug|x64 = Debug|x64
		Debug|x86 = Debug|x86
		Release|x64 = Release|x64
		Release|x86 = Release|x86
	EndGlobalSection
	GlobalSection(ProjectConfigurationPlatforms) = postSolution
		{80369F87-CB80-417A-87E7-861825E6C07B}.Debug|x64.ActiveCfg = Debug|x64
		{80369F87-CB80-417A-87E7-861825E6C07B}.Debug|x64.Build.0 = Debug|x64
		{80369F87-CB80-417A-87E7-861825E6C07B}.Debug|x86.ActiveCfg = Debug|Win32
		{80369F87-CB80-417A-87E7-861825E6C07B}.Debug|x86.Build.0 = Debug|Win32
		{80369F87-CB80-417A-87E7-861825E6C07B}.Release|x64.ActiveCfg = Release|x64
		{80369F87-CB80-417A-87E7-861825E6C07B}.Release|x64.Build.0 = Release|x64
		{80369F87-CB80-417A-87E7-861825E6C07B}.Release|x86.ActiveCfg = Release|Win32
		{80369F87-CB80-417A-87E7-861825E6C07B}.Release|x86.Build.0 = Release|Win32
		{69528F0C-B7F7-4207-9009-EB41F82E6D55}.Debug|x64.ActiveCfg = Debug|x64
		{69528F0C-B7F7-4207-9009-EB41F82E6D55}.Debug|x64.Build.0 = Debug|x64
		{69528F0C-B7F7-4207-9009-EB41F82E6D55}.Debug|x86.ActiveCfg = Debug|Win32
		{69528F0C-B7F7-4207-9009-EB41F82E6D55}.Debug|x86.Build.0 = Debug|Win32
		{69528F0C-B7F7-4207-9009-EB41F82E6D55}.Release|x64.ActiveCfg = Release|x64
		{69528F0C-B7F7-4207-9009-EB41F82E6D55}.Release|x64.Build.0 = Release|x64
		{69528F0C-B7F7-4207-9009-EB41F82E6D55}.Release|x86.ActiveCfg = Release|Win32
		{69528F0C-B7F7-4207-9009-EB41F82E6D55}.Release|x86.Build.0 = Release|Win32
		{AD9F872F-4B05-44FC-B2B0-71C4DB8FA0B0}.Debug|x64.ActiveCfg = Debug|x64
		{AD9F872F-4B05-44FC-B2B0-71C4DB8FA0B0}.Debug|x64.Build.0 = Debug|x64
		{AD9F872F-4B05-44FC-B2B0-71C4DB8FA0B0}.Debug|x86.ActiveCfg = Debug|Win32
		{AD9F872F-4B05-44FC-B2B0-71C4DB8FA0B0}.Debug|x86.Build.0 = Debug|Win32
		{AD9F872F-4B05-44FC-B2B0-71C4DB8FA0B0}.Release|x64.ActiveCfg = Release|x64
		{AD9F872F-4B05-44FC-B2B0-71C4DB8FA0B0}.Release|x64.Build.0 = Release|x64
		{AD9F872F-4B05-44FC-B2B0-71C4DB8FA0B0}.Release|x86.ActiveCfg = Release|Win32
		{AD9F872F-4B05-44FC-B2B0-71C4DB8FA0B0}.Release|x86.Build.0 = Release|Win32
	EndGlobalSection
	GlobalSection(SolutionProperties) = preSolution
		HideSolutionNode = FALSE
	EndGlobalSection
EndGlobal
